
Microsoft Visual Studio Solution File, Format Version 12.00
# Visual Studio Version 16
VisualStudioVersion = 16.0.31424.327
MinimumVisualStudioVersion = 10.0.40219.1
Project("{FAE04EC0-301F-11D3-BF4B-00C04F79EFBC}") = "ComputerTools", "ComputerTools\ComputerTools.csproj", "{97580F32-9A86-48A1-9AB3-8C6BCFEA1EA6}"
EndProject
Global
	GlobalSection(SolutionConfigurationPlatforms) = preSolution
		Debug|Any CPU = Debug|Any CPU
		Release|Any CPU = Release|Any CPU
	EndGlobalSection
	GlobalSection(ProjectConfigurationPlatforms) = postSolution
		{97580F32-9A86-48A1-9AB3-8C6BCFEA1EA6}.Debug|Any CPU.ActiveCfg = Debug|Any CPU
		{97580F32-9A86-48A1-9AB3-8C6BCFEA1EA6}.Debug|Any CPU.Build.0 = Debug|Any CPU
		{97580F32-9A86-48A1-9AB3-8C6BCFEA1EA6}.Release|Any CPU.ActiveCfg = Release|Any CPU
		{97580F32-9A86-48A1-9AB3-8C6BCFEA1EA6}.Release|Any CPU.Build.0 = Release|Any CPU
	EndGlobalSection
	GlobalSection(SolutionProperties) = preSolution
		HideSolutionNode = FALSE
	EndGlobalSection
	GlobalSection(ExtensibilityGlobals) = postSolution
		SolutionGuid = {4BF3BA1E-F770-47A4-81AE-46FF65BB5AA4}
	EndGlobalSection
EndGlobal
